
Microsoft Visual Studio Solution File, Format Version 12.00
# Visual Studio Version 17
VisualStudioVersion = 17.8.34330.188
MinimumVisualStudioVersion = 10.0.40219.1
Project("{FAE04EC0-301F-11D3-BF4B-00C04F79EFBC}") = "BlazorShop", "BlazorShop.csproj", "{523DAD1A-DBC3-4389-AA15-4B18F32B570D}"
EndProject
Global
	GlobalSection(SolutionConfigurationPlatforms) = preSolution
		Debug|Any CPU = Debug|Any CPU
		Release|Any CPU = Release|Any CPU
	EndGlobalSection
	GlobalSection(ProjectConfigurationPlatforms) = postSolution
		{523DAD1A-DBC3-4389-AA15-4B18F32B570D}.Debug|Any CPU.ActiveCfg = Debug|Any CPU
		{523DAD1A-DBC3-4389-AA15-4B18F32B570D}.Debug|Any CPU.Build.0 = Debug|Any CPU
		{523DAD1A-DBC3-4389-AA15-4B18F32B570D}.Release|Any CPU.ActiveCfg = Release|Any CPU
		{523DAD1A-DBC3-4389-AA15-4B18F32B570D}.Release|Any CPU.Build.0 = Release|Any CPU
	EndGlobalSection
	GlobalSection(SolutionProperties) = preSolution
		HideSolutionNode = FALSE
	EndGlobalSection
	GlobalSection(ExtensibilityGlobals) = postSolution
		SolutionGuid = {1AA9A267-8589-4471-9219-C5F41908D400}
	EndGlobalSection
EndGlobal
